
Microsoft Visual Studio Solution File, Format Version 12.00
# Visual Studio 15
VisualStudioVersion = 15.0.27004.2005
MinimumVisualStudioVersion = 10.0.40219.1
Project("{FAE04EC0-301F-11D3-BF4B-00C04F79EFBC}") = "NewFeatureCSharp7", "NewFeatureCSharp7\NewFeatureCSharp7.csproj", "{A25677F8-2E30-406C-8C29-8AC224601001}"
EndProject
Project("{FAE04EC0-301F-11D3-BF4B-00C04F79EFBC}") = "NewFeatureCSharp8", "NewFeatureCSharp8\NewFeatureCSharp8.csproj", "{81A058A0-647F-4342-B284-BD2256CB5E38}"
EndProject
Global
	GlobalSection(SolutionConfigurationPlatforms) = preSolution
		Debug|Any CPU = Debug|Any CPU
		Release|Any CPU = Release|Any CPU
	EndGlobalSection
	GlobalSection(ProjectConfigurationPlatforms) = postSolution
		{A25677F8-2E30-406C-8C29-8AC224601001}.Debug|Any CPU.ActiveCfg = Debug|Any CPU
		{A25677F8-2E30-406C-8C29-8AC224601001}.Debug|Any CPU.Build.0 = Debug|Any CPU
		{A25677F8-2E30-406C-8C29-8AC224601001}.Release|Any CPU.ActiveCfg = Release|Any CPU
		{A25677F8-2E30-406C-8C29-8AC224601001}.Release|Any CPU.Build.0 = Release|Any CPU
		{81A058A0-647F-4342-B284-BD2256CB5E38}.Debug|Any CPU.ActiveCfg = Debug|Any CPU
		{81A058A0-647F-4342-B284-BD2256CB5E38}.Debug|Any CPU.Build.0 = Debug|Any CPU
		{81A058A0-647F-4342-B284-BD2256CB5E38}.Release|Any CPU.ActiveCfg = Release|Any CPU
		{81A058A0-647F-4342-B284-BD2256CB5E38}.Release|Any CPU.Build.0 = Release|Any CPU
	EndGlobalSection
	GlobalSection(SolutionProperties) = preSolution
		HideSolutionNode = FALSE
	EndGlobalSection
	GlobalSection(ExtensibilityGlobals) = postSolution
		SolutionGuid = {CEDA61D2-4A44-4980-96A4-E3D53EED751C}
	EndGlobalSection
EndGlobal
